
Microsoft Visual Studio Solution File, Format Version 12.00
# Visual Studio 15
VisualStudioVersion = 15.0.26730.16
MinimumVisualStudioVersion = 10.0.40219.1
Project("{FAE04EC0-301F-11D3-BF4B-00C04F79EFBC}") = "Welcome.Android", "Welcome\Welcome.Android\Welcome.Android.csproj", "{9A746255-62FC-4DA8-9761-4FAED9FEC1DB}"
EndProject
Project("{FAE04EC0-301F-11D3-BF4B-00C04F79EFBC}") = "Welcome", "Welcome\Welcome\Welcome.csproj", "{56918848-A837-499B-9B41-B0B304E6DAEA}"
EndProject
Project("{FAE04EC0-301F-11D3-BF4B-00C04F79EFBC}") = "Welcome.UWP", "Welcome\Welcome.UWP\Welcome.UWP.csproj", "{6EE77ADA-C5D0-45A6-9C0E-2D23CD4FC51B}"
EndProject
Project("{FAE04EC0-301F-11D3-BF4B-00C04F79EFBC}") = "Welcome.iOS", "Welcome\Welcome.iOS\Welcome.iOS.csproj", "{B1F87C65-37AD-4092-BEC1-B157F4A1A622}"
EndProject
Global
	GlobalSection(SolutionConfigurationPlatforms) = preSolution
		Ad-Hoc|Any CPU = Ad-Hoc|Any CPU
		Ad-Hoc|ARM = Ad-Hoc|ARM
		Ad-Hoc|iPhone = Ad-Hoc|iPhone
		Ad-Hoc|iPhoneSimulator = Ad-Hoc|iPhoneSimulator
		Ad-Hoc|x64 = Ad-Hoc|x64
		Ad-Hoc|x86 = Ad-Hoc|x86
		AppStore|Any CPU = AppStore|Any CPU
		AppStore|ARM = AppStore|ARM
		AppStore|iPhone = AppStore|iPhone
		AppStore|iPhoneSimulator = AppStore|iPhoneSimulator
		AppStore|x64 = AppStore|x64
		AppStore|x86 = AppStore|x86
		Debug|Any CPU = Debug|Any CPU
		Debug|ARM = Debug|ARM
		Debug|iPhone = Debug|iPhone
		Debug|iPhoneSimulator = Debug|iPhoneSimulator
		Debug|x64 = Debug|x64
		Debug|x86 = Debug|x86
		Release|Any CPU = Release|Any CPU
		Release|ARM = Release|ARM
		Release|iPhone = Release|iPhone
		Release|iPhoneSimulator = Release|iPhoneSimulator
		Release|x64 = Release|x64
		Release|x86 = Release|x86
	EndGlobalSection
	GlobalSection(ProjectConfigurationPlatforms) = postSolution
		{9A746255-62FC-4DA8-9761-4FAED9FEC1DB}.Ad-Hoc|Any CPU.ActiveCfg = Release|Any CPU
		{9A746255-62FC-4DA8-9761-4FAED9FEC1DB}.Ad-Hoc|Any CPU.Build.0 = Release|Any CPU
		{9A746255-62FC-4DA8-9761-4FAED9FEC1DB}.Ad-Hoc|Any CPU.Deploy.0 = Release|Any CPU
		{9A746255-62FC-4DA8-9761-4FAED9FEC1DB}.Ad-Hoc|ARM.ActiveCfg = Release|Any CPU
		{9A746255-62FC-4DA8-9761-4FAED9FEC1DB}.Ad-Hoc|ARM.Build.0 = Release|Any CPU
		{9A746255-62FC-4DA8-9761-4FAED9FEC1DB}.Ad-Hoc|ARM.Deploy.0 = Release|Any CPU
		{9A746255-62FC-4DA8-9761-4FAED9FEC1DB}.Ad-Hoc|iPhone.ActiveCfg = Release|Any CPU
		{9A746255-62FC-4DA8-9761-4FAED9FEC1DB}.Ad-Hoc|iPhone.Build.0 = Release|Any CPU
		{9A746255-62FC-4DA8-9761-4FAED9FEC1DB}.Ad-Hoc|iPhone.Deploy.0 = Release|Any CPU
		{9A746255-62FC-4DA8-9761-4FAED9FEC1DB}.Ad-Hoc|iPhoneSimulator.ActiveCfg = Release|Any CPU
		{9A746255-62FC-4DA8-9761-4FAED9FEC1DB}.Ad-Hoc|iPhoneSimulator.Build.0 = Release|Any CPU
		{9A746255-62FC-4DA8-9761-4FAED9FEC1DB}.Ad-Hoc|iPhoneSimulator.Deploy.0 = Release|Any CPU
		{9A746255-62FC-4DA8-9761-4FAED9FEC1DB}.Ad-Hoc|x64.ActiveCfg = Release|Any CPU
		{9A746255-62FC-4DA8-9761-4FAED9FEC1DB}.Ad-Hoc|x64.Build.0 = Release|Any CPU
		{9A746255-62FC-4DA8-9761-4FAED9FEC1DB}.Ad-Hoc|x64.Deploy.0 = Release|Any CPU
		{9A746255-62FC-4DA8-9761-4FAED9FEC1DB}.Ad-Hoc|x86.ActiveCfg = Release|Any CPU
		{9A746255-62FC-4DA8-9761-4FAED9FEC1DB}.Ad-Hoc|x86.Build.0 = Release|Any CPU
		{9A746255-62FC-4DA8-9761-4FAED9FEC1DB}.Ad-Hoc|x86.Deploy.0 = Release|Any CPU
		{9A746255-62FC-4DA8-9761-4FAED9FEC1DB}.AppStore|Any CPU.ActiveCfg = Release|Any CPU
		{9A746255-62FC-4DA8-9761-4FAED9FEC1DB}.AppStore|Any CPU.Build.0 = Release|Any CPU
		{9A746255-62FC-4DA8-9761-4FAED9FEC1DB}.AppStore|Any CPU.Deploy.0 = Release|Any CPU
		{9A746255-62FC-4DA8-9761-4FAED9FEC1DB}.AppStore|ARM.ActiveCfg = Release|Any CPU
		{9A746255-62FC-4DA8-9761-4FAED9FEC1DB}.AppStore|ARM.Build.0 = Release|Any CPU
		{9A746255-62FC-4DA8-9761-4FAED9FEC1DB}.AppStore|ARM.Deploy.0 = Release|Any CPU
		{9A746255-62FC-4DA8-9761-4FAED9FEC1DB}.AppStore|iPhone.ActiveCfg = Release|Any CPU
		{9A746255-62FC-4DA8-9761-4FAED9FEC1DB}.AppStore|iPhone.Build.0 = Release|Any CPU
		{9A746255-62FC-4DA8-9761-4FAED9FEC1DB}.AppStore|iPhone.Deploy.0 = Release|Any CPU
		{9A746255-62FC-4DA8-9761-4FAED9FEC1DB}.AppStore|iPhoneSimulator.ActiveCfg = Release|Any CPU
		{9A746255-62FC-4DA8-9761-4FAED9FEC1DB}.AppStore|iPhoneSimulator.Build.0 = Release|Any CPU
		{9A746255-62FC-4DA8-9761-4FAED9FEC1DB}.AppStore|iPhoneSimulator.Deploy.0 = Release|Any CPU
		{9A746255-62FC-4DA8-9761-4FAED9FEC1DB}.AppStore|x64.ActiveCfg = Release|Any CPU
		{9A746255-62FC-4DA8-9761-4FAED9FEC1DB}.AppStore|x64.Build.0 = Release|Any CPU
		{9A746255-62FC-4DA8-9761-4FAED9FEC1DB}.AppStore|x64.Deploy.0 = Release|Any CPU
		{9A746255-62FC-4DA8-9761-4FAED9FEC1DB}.AppStore|x86.ActiveCfg = Release|Any CPU
		{9A746255-62FC-4DA8-9761-4FAED9FEC1DB}.AppStore|x86.Build.0 = Release|Any CPU
		{9A746255-62FC-4DA8-9761-4FAED9FEC1DB}.AppStore|x86.Deploy.0 = Release|Any CPU
		{9A746255-62FC-4DA8-9761-4FAED9FEC1DB}.Debug|Any CPU.ActiveCfg = Debug|Any CPU
		{9A746255-62FC-4DA8-9761-4FAED9FEC1DB}.Debug|Any CPU.Build.0 = Debug|Any CPU
		{9A746255-62FC-4DA8-9761-4FAED9FEC1DB}.Debug|Any CPU.Deploy.0 = Debug|Any CPU
		{9A746255-62FC-4DA8-9761-4FAED9FEC1DB}.Debug|ARM.ActiveCfg = Debug|Any CPU
		{9A746255-62FC-4DA8-9761-4FAED9FEC1DB}.Debug|ARM.Build.0 = Debug|Any CPU
		{9A746255-62FC-4DA8-9761-4FAED9FEC1DB}.Debug|ARM.Deploy.0 = Debug|Any CPU
		{9A746255-62FC-4DA8-9761-4FAED9FEC1DB}.Debug|iPhone.ActiveCfg = Debug|Any CPU
		{9A746255-62FC-4DA8-9761-4FAED9FEC1DB}.Debug|iPhone.Build.0 = Debug|Any CPU
		{9A746255-62FC-4DA8-9761-4FAED9FEC1DB}.Debug|iPhone.Deploy.0 = Debug|Any CPU
		{9A746255-62FC-4DA8-9761-4FAED9FEC1DB}.Debug|iPhoneSimulator.ActiveCfg = Debug|Any CPU
		{9A746255-62FC-4DA8-9761-4FAED9FEC1DB}.Debug|iPhoneSimulator.Build.0 = Debug|Any CPU
		{9A746255-62FC-4DA8-9761-4FAED9FEC1DB}.Debug|iPhoneSimulator.Deploy.0 = Debug|Any CPU
		{9A746255-62FC-4DA8-9761-4FAED9FEC1DB}.Debug|x64.ActiveCfg = Debug|Any CPU
		{9A746255-62FC-4DA8-9761-4FAED9FEC1DB}.Debug|x64.Build.0 = Debug|Any CPU
		{9A746255-62FC-4DA8-9761-4FAED9FEC1DB}.Debug|x64.Deploy.0 = Debug|Any CPU
		{9A746255-62FC-4DA8-9761-4FAED9FEC1DB}.Debug|x86.ActiveCfg = Debug|Any CPU
		{9A746255-62FC-4DA8-9761-4FAED9FEC1DB}.Debug|x86.Build.0 = Debug|Any CPU
		{9A746255-62FC-4DA8-9761-4FAED9FEC1DB}.Debug|x86.Deploy.0 = Debug|Any CPU
		{9A746255-62FC-4DA8-9761-4FAED9FEC1DB}.Release|Any CPU.ActiveCfg = Release|Any CPU
		{9A746255-62FC-4DA8-9761-4FAED9FEC1DB}.Release|Any CPU.Build.0 = Release|Any CPU
		{9A746255-62FC-4DA8-9761-4FAED9FEC1DB}.Release|Any CPU.Deploy.0 = Release|Any CPU
		{9A746255-62FC-4DA8-9761-4FAED9FEC1DB}.Release|ARM.ActiveCfg = Release|Any CPU
		{9A746255-62FC-4DA8-9761-4FAED9FEC1DB}.Release|ARM.Build.0 = Release|Any CPU
		{9A746255-62FC-4DA8-9761-4FAED9FEC1DB}.Release|ARM.Deploy.0 = Release|Any CPU
		{9A746255-62FC-4DA8-9761-4FAED9FEC1DB}.Release|iPhone.ActiveCfg = Release|Any CPU
		{9A746255-62FC-4DA8-9761-4FAED9FEC1DB}.Release|iPhone.Build.0 = Release|Any CPU
		{9A746255-62FC-4DA8-9761-4FAED9FEC1DB}.Release|iPhone.Deploy.0 = Release|Any CPU
		{9A746255-62FC-4DA8-9761-4FAED9FEC1DB}.Release|iPhoneSimulator.ActiveCfg = Release|Any CPU
		{9A746255-62FC-4DA8-9761-4FAED9FEC1DB}.Release|iPhoneSimulator.Build.0 = Release|Any CPU
		{9A746255-62FC-4DA8-9761-4FAED9FEC1DB}.Release|iPhoneSimulator.Deploy.0 = Release|Any CPU
		{9A746255-62FC-4DA8-9761-4FAED9FEC1DB}.Release|x64.ActiveCfg = Release|Any CPU
		{9A746255-62FC-4DA8-9761-4FAED9FEC1DB}.Release|x64.Build.0 = Release|Any CPU
		{9A746255-62FC-4DA8-9761-4FAED9FEC1DB}.Release|x64.Deploy.0 = Release|Any CPU
		{9A746255-62FC-4DA8-9761-4FAED9FEC1DB}.Release|x86.ActiveCfg = Release|Any CPU
		{9A746255-62FC-4DA8-9761-4FAED9FEC1DB}.Release|x86.Build.0 = Release|Any CPU
		{9A746255-62FC-4DA8-9761-4FAED9FEC1DB}.Release|x86.Deploy.0 = Release|Any CPU
		{56918848-A837-499B-9B41-B0B304E6DAEA}.Ad-Hoc|Any CPU.ActiveCfg = Release|Any CPU
		{56918848-A837-499B-9B41-B0B304E6DAEA}.Ad-Hoc|Any CPU.Build.0 = Release|Any CPU
		{56918848-A837-499B-9B41-B0B304E6DAEA}.Ad-Hoc|ARM.ActiveCfg = Release|Any CPU
		{56918848-A837-499B-9B41-B0B304E6DAEA}.Ad-Hoc|ARM.Build.0 = Release|Any CPU
		{56918848-A837-499B-9B41-B0B304E6DAEA}.Ad-Hoc|iPhone.ActiveCfg = Release|Any CPU
		{56918848-A837-499B-9B41-B0B304E6DAEA}.Ad-Hoc|iPhone.Build.0 = Release|Any CPU
		{56918848-A837-499B-9B41-B0B304E6DAEA}.Ad-Hoc|iPhoneSimulator.ActiveCfg = Release|Any CPU
		{56918848-A837-499B-9B41-B0B304E6DAEA}.Ad-Hoc|iPhoneSimulator.Build.0 = Release|Any CPU
		{56918848-A837-499B-9B41-B0B304E6DAEA}.Ad-Hoc|x64.ActiveCfg = Release|Any CPU
		{56918848-A837-499B-9B41-B0B304E6DAEA}.Ad-Hoc|x64.Build.0 = Release|Any CPU
		{56918848-A837-499B-9B41-B0B304E6DAEA}.Ad-Hoc|x86.ActiveCfg = Release|Any CPU
		{56918848-A837-499B-9B41-B0B304E6DAEA}.Ad-Hoc|x86.Build.0 = Release|Any CPU
		{56918848-A837-499B-9B41-B0B304E6DAEA}.AppStore|Any CPU.ActiveCfg = Release|Any CPU
		{56918848-A837-499B-9B41-B0B304E6DAEA}.AppStore|Any CPU.Build.0 = Release|Any CPU
		{56918848-A837-499B-9B41-B0B304E6DAEA}.AppStore|ARM.ActiveCfg = Release|Any CPU
		{56918848-A837-499B-9B41-B0B304E6DAEA}.AppStore|ARM.Build.0 = Release|Any CPU
		{56918848-A837-499B-9B41-B0B304E6DAEA}.AppStore|iPhone.ActiveCfg = Release|Any CPU
		{56918848-A837-499B-9B41-B0B304E6DAEA}.AppStore|iPhone.Build.0 = Release|Any CPU
		{56918848-A837-499B-9B41-B0B304E6DAEA}.AppStore|iPhoneSimulator.ActiveCfg = Release|Any CPU
		{56918848-A837-499B-9B41-B0B304E6DAEA}.AppStore|iPhoneSimulator.Build.0 = Release|Any CPU
		{56918848-A837-499B-9B41-B0B304E6DAEA}.AppStore|x64.ActiveCfg = Release|Any CPU
		{56918848-A837-499B-9B41-B0B304E6DAEA}.AppStore|x64.Build.0 = Release|Any CPU
		{56918848-A837-499B-9B41-B0B304E6DAEA}.AppStore|x86.ActiveCfg = Release|Any CPU
		{56918848-A837-499B-9B41-B0B304E6DAEA}.AppStore|x86.Build.0 = Release|Any CPU
		{56918848-A837-499B-9B41-B0B304E6DAEA}.Debug|Any CPU.ActiveCfg = Debug|Any CPU
		{56918848-A837-499B-9B41-B0B304E6DAEA}.Debug|Any CPU.Build.0 = Debug|Any CPU
		{56918848-A837-499B-9B41-B0B304E6DAEA}.Debug|ARM.ActiveCfg = Debug|Any CPU
		{56918848-A837-499B-9B41-B0B304E6DAEA}.Debug|ARM.Build.0 = Debug|Any CPU
		{56918848-A837-499B-9B41-B0B304E6DAEA}.Debug|iPhone.ActiveCfg = Debug|Any CPU
		{56918848-A837-499B-9B41-B0B304E6DAEA}.Debug|iPhone.Build.0 = Debug|Any CPU
		{56918848-A837-499B-9B41-B0B304E6DAEA}.Debug|iPhoneSimulator.ActiveCfg = Debug|Any CPU
		{56918848-A837-499B-9B41-B0B304E6DAEA}.Debug|iPhoneSimulator.Build.0 = Debug|Any CPU
		{56918848-A837-499B-9B41-B0B304E6DAEA}.Debug|x64.ActiveCfg = Debug|Any CPU
		{56918848-A837-499B-9B41-B0B304E6DAEA}.Debug|x64.Build.0 = Debug|Any CPU
		{56918848-A837-499B-9B41-B0B304E6DAEA}.Debug|x86.ActiveCfg = Debug|Any CPU
		{56918848-A837-499B-9B41-B0B304E6DAEA}.Debug|x86.Build.0 = Debug|Any CPU
		{56918848-A837-499B-9B41-B0B304E6DAEA}.Release|Any CPU.ActiveCfg = Release|Any CPU
		{56918848-A837-499B-9B41-B0B304E6DAEA}.Release|Any CPU.Build.0 = Release|Any CPU
		{56918848-A837-499B-9B41-B0B304E6DAEA}.Release|ARM.ActiveCfg = Release|Any CPU
		{56918848-A837-499B-9B41-B0B304E6DAEA}.Release|ARM.Build.0 = Release|Any CPU
		{56918848-A837-499B-9B41-B0B304E6DAEA}.Release|iPhone.ActiveCfg = Release|Any CPU
		{56918848-A837-499B-9B41-B0B304E6DAEA}.Release|iPhone.Build.0 = Release|Any CPU
		{56918848-A837-499B-9B41-B0B304E6DAEA}.Release|iPhoneSimulator.ActiveCfg = Release|Any CPU
		{56918848-A837-499B-9B41-B0B304E6DAEA}.Release|iPhoneSimulator.Build.0 = Release|Any CPU
		{56918848-A837-499B-9B41-B0B304E6DAEA}.Release|x64.ActiveCfg = Release|Any CPU
		{56918848-A837-499B-9B41-B0B304E6DAEA}.Release|x64.Build.0 = Release|Any CPU
		{56918848-A837-499B-9B41-B0B304E6DAEA}.Release|x86.ActiveCfg = Release|Any CPU
		{56918848-A837-499B-9B41-B0B304E6DAEA}.Release|x86.Build.0 = Release|Any CPU
		{6EE77ADA-C5D0-45A6-9C0E-2D23CD4FC51B}.Ad-Hoc|Any CPU.ActiveCfg = Release|x86
		{6EE77ADA-C5D0-45A6-9C0E-2D23CD4FC51B}.Ad-Hoc|Any CPU.Build.0 = Release|x86
		{6EE77ADA-C5D0-45A6-9C0E-2D23CD4FC51B}.Ad-Hoc|Any CPU.Deploy.0 = Release|x86
		{6EE77ADA-C5D0-45A6-9C0E-2D23CD4FC51B}.Ad-Hoc|ARM.ActiveCfg = Release|ARM
		{6EE77ADA-C5D0-45A6-9C0E-2D23CD4FC51B}.Ad-Hoc|ARM.Build.0 = Release|ARM
		{6EE77ADA-C5D0-45A6-9C0E-2D23CD4FC51B}.Ad-Hoc|ARM.Deploy.0 = Release|ARM
		{6EE77ADA-C5D0-45A6-9C0E-2D23CD4FC51B}.Ad-Hoc|iPhone.ActiveCfg = Release|x86
		{6EE77ADA-C5D0-45A6-9C0E-2D23CD4FC51B}.Ad-Hoc|iPhone.Build.0 = Release|x86
		{6EE77ADA-C5D0-45A6-9C0E-2D23CD4FC51B}.Ad-Hoc|iPhone.Deploy.0 = Release|x86
		{6EE77ADA-C5D0-45A6-9C0E-2D23CD4FC51B}.Ad-Hoc|iPhoneSimulator.ActiveCfg = Release|x86
		{6EE77ADA-C5D0-45A6-9C0E-2D23CD4FC51B}.Ad-Hoc|iPhoneSimulator.Build.0 = Release|x86
		{6EE77ADA-C5D0-45A6-9C0E-2D23CD4FC51B}.Ad-Hoc|iPhoneSimulator.Deploy.0 = Release|x86
		{6EE77ADA-C5D0-45A6-9C0E-2D23CD4FC51B}.Ad-Hoc|x64.ActiveCfg = Release|x64
		{6EE77ADA-C5D0-45A6-9C0E-2D23CD4FC51B}.Ad-Hoc|x64.Build.0 = Release|x64
		{6EE77ADA-C5D0-45A6-9C0E-2D23CD4FC51B}.Ad-Hoc|x64.Deploy.0 = Release|x64
		{6EE77ADA-C5D0-45A6-9C0E-2D23CD4FC51B}.Ad-Hoc|x86.ActiveCfg = Release|x86
		{6EE77ADA-C5D0-45A6-9C0E-2D23CD4FC51B}.Ad-Hoc|x86.Build.0 = Release|x86
		{6EE77ADA-C5D0-45A6-9C0E-2D23CD4FC51B}.Ad-Hoc|x86.Deploy.0 = Release|x86
		{6EE77ADA-C5D0-45A6-9C0E-2D23CD4FC51B}.AppStore|Any CPU.ActiveCfg = Release|x86
		{6EE77ADA-C5D0-45A6-9C0E-2D23CD4FC51B}.AppStore|Any CPU.Build.0 = Release|x86
		{6EE77ADA-C5D0-45A6-9C0E-2D23CD4FC51B}.AppStore|Any CPU.Deploy.0 = Release|x86
		{6EE77ADA-C5D0-45A6-9C0E-2D23CD4FC51B}.AppStore|ARM.ActiveCfg = Release|ARM
		{6EE77ADA-C5D0-45A6-9C0E-2D23CD4FC51B}.AppStore|ARM.Build.0 = Release|ARM
		{6EE77ADA-C5D0-45A6-9C0E-2D23CD4FC51B}.AppStore|ARM.Deploy.0 = Release|ARM
		{6EE77ADA-C5D0-45A6-9C0E-2D23CD4FC51B}.AppStore|iPhone.ActiveCfg = Release|x86
		{6EE77ADA-C5D0-45A6-9C0E-2D23CD4FC51B}.AppStore|iPhone.Build.0 = Release|x86
		{6EE77ADA-C5D0-45A6-9C0E-2D23CD4FC51B}.AppStore|iPhone.Deploy.0 = Release|x86
		{6EE77ADA-C5D0-45A6-9C0E-2D23CD4FC51B}.AppStore|iPhoneSimulator.ActiveCfg = Release|x86
		{6EE77ADA-C5D0-45A6-9C0E-2D23CD4FC51B}.AppStore|iPhoneSimulator.Build.0 = Release|x86
		{6EE77ADA-C5D0-45A6-9C0E-2D23CD4FC51B}.AppStore|iPhoneSimulator.Deploy.0 = Release|x86
		{6EE77ADA-C5D0-45A6-9C0E-2D23CD4FC51B}.AppStore|x64.ActiveCfg = Release|x64
		{6EE77ADA-C5D0-45A6-9C0E-2D23CD4FC51B}.AppStore|x64.Build.0 = Release|x64
		{6EE77ADA-C5D0-45A6-9C0E-2D23CD4FC51B}.AppStore|x64.Deploy.0 = Release|x64
		{6EE77ADA-C5D0-45A6-9C0E-2D23CD4FC51B}.AppStore|x86.ActiveCfg = Release|x86
		{6EE77ADA-C5D0-45A6-9C0E-2D23CD4FC51B}.AppStore|x86.Build.0 = Release|x86
		{6EE77ADA-C5D0-45A6-9C0E-2D23CD4FC51B}.AppStore|x86.Deploy.0 = Release|x86
		{6EE77ADA-C5D0-45A6-9C0E-2D23CD4FC51B}.Debug|Any CPU.ActiveCfg = Debug|x86
		{6EE77ADA-C5D0-45A6-9C0E-2D23CD4FC51B}.Debug|ARM.ActiveCfg = Debug|ARM
		{6EE77ADA-C5D0-45A6-9C0E-2D23CD4FC51B}.Debug|ARM.Build.0 = Debug|ARM
		{6EE77ADA-C5D0-45A6-9C0E-2D23CD4FC51B}.Debug|ARM.Deploy.0 = Debug|ARM
		{6EE77ADA-C5D0-45A6-9C0E-2D23CD4FC51B}.Debug|iPhone.ActiveCfg = Debug|x86
		{6EE77ADA-C5D0-45A6-9C0E-2D23CD4FC51B}.Debug|iPhoneSimulator.ActiveCfg = Debug|x86
		{6EE77ADA-C5D0-45A6-9C0E-2D23CD4FC51B}.Debug|x64.ActiveCfg = Debug|x64
		{6EE77ADA-C5D0-45A6-9C0E-2D23CD4FC51B}.Debug|x64.Build.0 = Debug|x64
		{6EE77ADA-C5D0-45A6-9C0E-2D23CD4FC51B}.Debug|x64.Deploy.0 = Debug|x64
		{6EE77ADA-C5D0-45A6-9C0E-2D23CD4FC51B}.Debug|x86.ActiveCfg = Debug|x86
		{6EE77ADA-C5D0-45A6-9C0E-2D23CD4FC51B}.Debug|x86.Build.0 = Debug|x86
		{6EE77ADA-C5D0-45A6-9C0E-2D23CD4FC51B}.Debug|x86.Deploy.0 = Debug|x86
		{6EE77ADA-C5D0-45A6-9C0E-2D23CD4FC51B}.Release|Any CPU.ActiveCfg = Release|x86
		{6EE77ADA-C5D0-45A6-9C0E-2D23CD4FC51B}.Release|ARM.ActiveCfg = Release|ARM
		{6EE77ADA-C5D0-45A6-9C0E-2D23CD4FC51B}.Release|ARM.Build.0 = Release|ARM
		{6EE77ADA-C5D0-45A6-9C0E-2D23CD4FC51B}.Release|ARM.Deploy.0 = Release|ARM
		{6EE77ADA-C5D0-45A6-9C0E-2D23CD4FC51B}.Release|iPhone.ActiveCfg = Release|x86
		{6EE77ADA-C5D0-45A6-9C0E-2D23CD4FC51B}.Release|iPhoneSimulator.ActiveCfg = Release|x86
		{6EE77ADA-C5D0-45A6-9C0E-2D23CD4FC51B}.Release|x64.ActiveCfg = Release|x64
		{6EE77ADA-C5D0-45A6-9C0E-2D23CD4FC51B}.Release|x64.Build.0 = Release|x64
		{6EE77ADA-C5D0-45A6-9C0E-2D23CD4FC51B}.Release|x64.Deploy.0 = Release|x64
		{6EE77ADA-C5D0-45A6-9C0E-2D23CD4FC51B}.Release|x86.ActiveCfg = Release|x86
		{6EE77ADA-C5D0-45A6-9C0E-2D23CD4FC51B}.Release|x86.Build.0 = Release|x86
		{6EE77ADA-C5D0-45A6-9C0E-2D23CD4FC51B}.Release|x86.Deploy.0 = Release|x86
		{B1F87C65-37AD-4092-BEC1-B157F4A1A622}.Ad-Hoc|Any CPU.ActiveCfg = Ad-Hoc|iPhone
		{B1F87C65-37AD-4092-BEC1-B157F4A1A622}.Ad-Hoc|ARM.ActiveCfg = Ad-Hoc|iPhone
		{B1F87C65-37AD-4092-BEC1-B157F4A1A622}.Ad-Hoc|iPhone.ActiveCfg = Ad-Hoc|iPhone
		{B1F87C65-37AD-4092-BEC1-B157F4A1A622}.Ad-Hoc|iPhone.Build.0 = Ad-Hoc|iPhone
		{B1F87C65-37AD-4092-BEC1-B157F4A1A622}.Ad-Hoc|iPhoneSimulator.ActiveCfg = Ad-Hoc|iPhoneSimulator
		{B1F87C65-37AD-4092-BEC1-B157F4A1A622}.Ad-Hoc|iPhoneSimulator.Build.0 = Ad-Hoc|iPhoneSimulator
		{B1F87C65-37AD-4092-BEC1-B157F4A1A622}.Ad-Hoc|x64.ActiveCfg = Ad-Hoc|iPhone
		{B1F87C65-37AD-4092-BEC1-B157F4A1A622}.Ad-Hoc|x86.ActiveCfg = Ad-Hoc|iPhone
		{B1F87C65-37AD-4092-BEC1-B157F4A1A622}.AppStore|Any CPU.ActiveCfg = AppStore|iPhone
		{B1F87C65-37AD-4092-BEC1-B157F4A1A622}.AppStore|ARM.ActiveCfg = AppStore|iPhone
		{B1F87C65-37AD-4092-BEC1-B157F4A1A622}.AppStore|iPhone.ActiveCfg = AppStore|iPhone
		{B1F87C65-37AD-4092-BEC1-B157F4A1A622}.AppStore|iPhone.Build.0 = AppStore|iPhone
		{B1F87C65-37AD-4092-BEC1-B157F4A1A622}.AppStore|iPhoneSimulator.ActiveCfg = AppStore|iPhoneSimulator
		{B1F87C65-37AD-4092-BEC1-B157F4A1A622}.AppStore|iPhoneSimulator.Build.0 = AppStore|iPhoneSimulator
		{B1F87C65-37AD-4092-BEC1-B157F4A1A622}.AppStore|x64.ActiveCfg = AppStore|iPhone
		{B1F87C65-37AD-4092-BEC1-B157F4A1A622}.AppStore|x86.ActiveCfg = AppStore|iPhone
		{B1F87C65-37AD-4092-BEC1-B157F4A1A622}.Debug|Any CPU.ActiveCfg = Debug|iPhone
		{B1F87C65-37AD-4092-BEC1-B157F4A1A622}.Debug|ARM.ActiveCfg = Debug|iPhone
		{B1F87C65-37AD-4092-BEC1-B157F4A1A622}.Debug|iPhone.ActiveCfg = Debug|iPhone
		{B1F87C65-37AD-4092-BEC1-B157F4A1A622}.Debug|iPhone.Build.0 = Debug|iPhone
		{B1F87C65-37AD-4092-BEC1-B157F4A1A622}.Debug|iPhoneSimulator.ActiveCfg = Debug|iPhoneSimulator
		{B1F87C65-37AD-4092-BEC1-B157F4A1A622}.Debug|iPhoneSimulator.Build.0 = Debug|iPhoneSimulator
		{B1F87C65-37AD-4092-BEC1-B157F4A1A622}.Debug|x64.ActiveCfg = Debug|iPhone
		{B1F87C65-37AD-4092-BEC1-B157F4A1A622}.Debug|x86.ActiveCfg = Debug|iPhone
		{B1F87C65-37AD-4092-BEC1-B157F4A1A622}.Release|Any CPU.ActiveCfg = Release|iPhone
		{B1F87C65-37AD-4092-BEC1-B157F4A1A622}.Release|ARM.ActiveCfg = Release|iPhone
		{B1F87C65-37AD-4092-BEC1-B157F4A1A622}.Release|iPhone.ActiveCfg = Release|iPhone
		{B1F87C65-37AD-4092-BEC1-B157F4A1A622}.Release|iPhone.Build.0 = Release|iPhone
		{B1F87C65-37AD-4092-BEC1-B157F4A1A622}.Release|iPhoneSimulator.ActiveCfg = Release|iPhoneSimulator
		{B1F87C65-37AD-4092-BEC1-B157F4A1A622}.Release|iPhoneSimulator.Build.0 = Release|iPhoneSimulator
		{B1F87C65-37AD-4092-BEC1-B157F4A1A622}.Release|x64.ActiveCfg = Release|iPhone
		{B1F87C65-37AD-4092-BEC1-B157F4A1A622}.Release|x86.ActiveCfg = Release|iPhone
	EndGlobalSection
	GlobalSection(SolutionProperties) = preSolution
		HideSolutionNode = FALSE
	EndGlobalSection
	GlobalSection(ExtensibilityGlobals) = postSolution
		SolutionGuid = {6E622268-F73E-4101-8FAD-8077C317E5F3}
	EndGlobalSection
EndGlobal
